
Microsoft Visual Studio Solution File, Format Version 12.00
# Visual Studio 15
VisualStudioVersion = 15.0.28307.168
MinimumVisualStudioVersion = 10.0.40219.1
Project("{FAE04EC0-301F-11D3-BF4B-00C04F79EFBC}") = "SFPGetShipping", "SFPGetShipping\SFPGetShipping.csproj", "{1416F314-5161-4CBE-A2B6-27A860A1645C}"
EndProject
Global
	GlobalSection(SolutionConfigurationPlatforms) = preSolution
		Debug|Any CPU = Debug|Any CPU
		Release|Any CPU = Release|Any CPU
	EndGlobalSection
	GlobalSection(ProjectConfigurationPlatforms) = postSolution
		{1416F314-5161-4CBE-A2B6-27A860A1645C}.Debug|Any CPU.ActiveCfg = Debug|Any CPU
		{1416F314-5161-4CBE-A2B6-27A860A1645C}.Debug|Any CPU.Build.0 = Debug|Any CPU
		{1416F314-5161-4CBE-A2B6-27A860A1645C}.Release|Any CPU.ActiveCfg = Release|Any CPU
		{1416F314-5161-4CBE-A2B6-27A860A1645C}.Release|Any CPU.Build.0 = Release|Any CPU
	EndGlobalSection
	GlobalSection(SolutionProperties) = preSolution
		HideSolutionNode = FALSE
	EndGlobalSection
	GlobalSection(ExtensibilityGlobals) = postSolution
		SolutionGuid = {15A442EF-3478-43CC-A06A-AA9B67B585B4}
	EndGlobalSection
EndGlobal
